
Microsoft Visual Studio Solution File, Format Version 12.00
# Visual Studio Version 17
VisualStudioVersion = 17.5.33627.172
MinimumVisualStudioVersion = 10.0.40219.1
Project("{9A19103F-16F7-4668-BE54-9A1E7A4F7556}") = "משחק זיכרון", "משחק זיכרון\משחק זיכרון.csproj", "{1B441132-4C32-4CC0-9EE7-D2730F501EC9}"
EndProject
Global
	GlobalSection(SolutionConfigurationPlatforms) = preSolution
		Debug|Any CPU = Debug|Any CPU
		Release|Any CPU = Release|Any CPU
	EndGlobalSection
	GlobalSection(ProjectConfigurationPlatforms) = postSolution
		{1B441132-4C32-4CC0-9EE7-D2730F501EC9}.Debug|Any CPU.ActiveCfg = Debug|Any CPU
		{1B441132-4C32-4CC0-9EE7-D2730F501EC9}.Debug|Any CPU.Build.0 = Debug|Any CPU
		{1B441132-4C32-4CC0-9EE7-D2730F501EC9}.Release|Any CPU.ActiveCfg = Release|Any CPU
		{1B441132-4C32-4CC0-9EE7-D2730F501EC9}.Release|Any CPU.Build.0 = Release|Any CPU
	EndGlobalSection
	GlobalSection(SolutionProperties) = preSolution
		HideSolutionNode = FALSE
	EndGlobalSection
	GlobalSection(ExtensibilityGlobals) = postSolution
		SolutionGuid = {84CCE9A7-3ECE-4550-B024-27DB8FD779A4}
	EndGlobalSection
EndGlobal
